
Microsoft Visual Studio Solution File, Format Version 12.00
# Visual Studio Version 17
VisualStudioVersion = 17.1.32328.378
MinimumVisualStudioVersion = 10.0.40219.1
Project("{FAE04EC0-301F-11D3-BF4B-00C04F79EFBC}") = "BlazorDialogApp", "BlazorDialogApp\BlazorDialogApp.csproj", "{1939BD91-03A7-450C-A208-80D86A178C92}"
EndProject
Project("{FAE04EC0-301F-11D3-BF4B-00C04F79EFBC}") = "BlazorDialog", "BlazorDialog\BlazorDialog.csproj", "{B834ECAE-2DD6-4B62-BC98-2F26E02D769E}"
EndProject
Global
	GlobalSection(SolutionConfigurationPlatforms) = preSolution
		Debug|Any CPU = Debug|Any CPU
		Release|Any CPU = Release|Any CPU
	EndGlobalSection
	GlobalSection(ProjectConfigurationPlatforms) = postSolution
		{1939BD91-03A7-450C-A208-80D86A178C92}.Debug|Any CPU.ActiveCfg = Debug|Any CPU
		{1939BD91-03A7-450C-A208-80D86A178C92}.Debug|Any CPU.Build.0 = Debug|Any CPU
		{1939BD91-03A7-450C-A208-80D86A178C92}.Release|Any CPU.ActiveCfg = Release|Any CPU
		{1939BD91-03A7-450C-A208-80D86A178C92}.Release|Any CPU.Build.0 = Release|Any CPU
		{B834ECAE-2DD6-4B62-BC98-2F26E02D769E}.Debug|Any CPU.ActiveCfg = Debug|Any CPU
		{B834ECAE-2DD6-4B62-BC98-2F26E02D769E}.Debug|Any CPU.Build.0 = Debug|Any CPU
		{B834ECAE-2DD6-4B62-BC98-2F26E02D769E}.Release|Any CPU.ActiveCfg = Release|Any CPU
		{B834ECAE-2DD6-4B62-BC98-2F26E02D769E}.Release|Any CPU.Build.0 = Release|Any CPU
	EndGlobalSection
	GlobalSection(SolutionProperties) = preSolution
		HideSolutionNode = FALSE
	EndGlobalSection
	GlobalSection(ExtensibilityGlobals) = postSolution
		SolutionGuid = {6EDB61E5-B7DF-4E3A-A0A7-70ADA39C4848}
	EndGlobalSection
EndGlobal
